
Microsoft Visual Studio Solution File, Format Version 12.00
# Visual Studio 15
VisualStudioVersion = 15.0.28307.572
MinimumVisualStudioVersion = 10.0.40219.1
Project("{2150E333-8FDC-42A3-9474-1A3956D46DE8}") = "Solution Items", "Solution Items", "{E17F2863-62D5-4F2D-9A51-A74041E88132}"
	ProjectSection(SolutionItems) = preProject
		readme.md = readme.md
	EndProjectSection
EndProject
Project("{9A19103F-16F7-4668-BE54-9A1E7A4F7556}") = "test", "test\test.csproj", "{ED6EB13E-33C4-463C-B902-93751A61F25F}"
EndProject
Project("{9A19103F-16F7-4668-BE54-9A1E7A4F7556}") = "KeepNote.DAL", "KeepNote.DAL\KeepNote.DAL.csproj", "{28346E05-C70B-467E-8FFA-08DC0ABEB381}"
EndProject
Global
	GlobalSection(SolutionConfigurationPlatforms) = preSolution
		Debug|Any CPU = Debug|Any CPU
		Release|Any CPU = Release|Any CPU
	EndGlobalSection
	GlobalSection(ProjectConfigurationPlatforms) = postSolution
		{ED6EB13E-33C4-463C-B902-93751A61F25F}.Debug|Any CPU.ActiveCfg = Debug|Any CPU
		{ED6EB13E-33C4-463C-B902-93751A61F25F}.Debug|Any CPU.Build.0 = Debug|Any CPU
		{ED6EB13E-33C4-463C-B902-93751A61F25F}.Release|Any CPU.ActiveCfg = Release|Any CPU
		{ED6EB13E-33C4-463C-B902-93751A61F25F}.Release|Any CPU.Build.0 = Release|Any CPU
		{28346E05-C70B-467E-8FFA-08DC0ABEB381}.Debug|Any CPU.ActiveCfg = Debug|Any CPU
		{28346E05-C70B-467E-8FFA-08DC0ABEB381}.Debug|Any CPU.Build.0 = Debug|Any CPU
		{28346E05-C70B-467E-8FFA-08DC0ABEB381}.Release|Any CPU.ActiveCfg = Release|Any CPU
		{28346E05-C70B-467E-8FFA-08DC0ABEB381}.Release|Any CPU.Build.0 = Release|Any CPU
	EndGlobalSection
	GlobalSection(SolutionProperties) = preSolution
		HideSolutionNode = FALSE
	EndGlobalSection
	GlobalSection(ExtensibilityGlobals) = postSolution
		SolutionGuid = {F5D30EEF-96B0-4012-BF18-FBDDAAEDEBDC}
	EndGlobalSection
EndGlobal
